// !$*UTF8*$!
{
	archiveVersion = 1;
	classes = {
	};
	objectVersion = 56;
	objects = {

/* Begin PBXBuildFile section */
		60235CED292CF22E0086CC3D /* MyDeskView.swift in Sources */ = {isa = PBXBuildFile; fileRef = 60235CEC292CF22E0086CC3D /* MyDeskView.swift */; };
		603AEC882903FDCC008B396D /* AstrumApp.swift in Sources */ = {isa = PBXBuildFile; fileRef = 603AEC872903FDCC008B396D /* AstrumApp.swift */; };
		603AEC8A2903FDCC008B396D /* ContentView.swift in Sources */ = {isa = PBXBuildFile; fileRef = 603AEC892903FDCC008B396D /* ContentView.swift */; };
		603AEC8C2903FDCC008B396D /* Assets.xcassets in Resources */ = {isa = PBXBuildFile; fileRef = 603AEC8B2903FDCC008B396D /* Assets.xcassets */; };
		603AEC8F2903FDCC008B396D /* Preview Assets.xcassets in Resources */ = {isa = PBXBuildFile; fileRef = 603AEC8E2903FDCC008B396D /* Preview Assets.xcassets */; };
		603AEC962903FE3B008B396D /* GlassCardView.swift in Sources */ = {isa = PBXBuildFile; fileRef = 603AEC952903FE3B008B396D /* GlassCardView.swift */; };
		603AEC9B29042709008B396D /* ColorExtension.swift in Sources */ = {isa = PBXBuildFile; fileRef = 603AEC9A29042709008B396D /* ColorExtension.swift */; };
		603AEC9D29042DEF008B396D /* ViewExtension.swift in Sources */ = {isa = PBXBuildFile; fileRef = 603AEC9C29042DEF008B396D /* ViewExtension.swift */; };
		604441F2293B46A20075E5CD /* DisplayView.swift in Sources */ = {isa = PBXBuildFile; fileRef = 604441F1293B46A20075E5CD /* DisplayView.swift */; };
		C314C95C293B7D360053868E /* DisplayScreenView.swift in Sources */ = {isa = PBXBuildFile; fileRef = C314C95B293B7D360053868E /* DisplayScreenView.swift */; };
		C314C95E293B7DFA0053868E /* DisplayFrameView.swift in Sources */ = {isa = PBXBuildFile; fileRef = C314C95D293B7DFA0053868E /* DisplayFrameView.swift */; };
		C314C960293B7E450053868E /* DisplayStandView.swift in Sources */ = {isa = PBXBuildFile; fileRef = C314C95F293B7E450053868E /* DisplayStandView.swift */; };
		C314C962293B830E0053868E /* ImagePicker.swift in Sources */ = {isa = PBXBuildFile; fileRef = C314C961293B830E0053868E /* ImagePicker.swift */; };
		C314C964293C77040053868E /* HapticFeedbackManager.swift in Sources */ = {isa = PBXBuildFile; fileRef = C314C963293C77040053868E /* HapticFeedbackManager.swift */; };
		C314C968293CB3D80053868E /* ItemView.swift in Sources */ = {isa = PBXBuildFile; fileRef = C314C967293CB3D80053868E /* ItemView.swift */; };
		C314C96A293CB4700053868E /* ItemDetailView.swift in Sources */ = {isa = PBXBuildFile; fileRef = C314C969293CB4700053868E /* ItemDetailView.swift */; };
		C32BA68D2940C8F000E7D0D4 /* SectionTitle.swift in Sources */ = {isa = PBXBuildFile; fileRef = C32BA68C2940C8F000E7D0D4 /* SectionTitle.swift */; };
		C32BA6922940CA4E00E7D0D4 /* ImageExtension.swift in Sources */ = {isa = PBXBuildFile; fileRef = C32BA6912940CA4E00E7D0D4 /* ImageExtension.swift */; };
		C32BA69529421F4F00E7D0D4 /* ImageManager.swift in Sources */ = {isa = PBXBuildFile; fileRef = C32BA69429421F4F00E7D0D4 /* ImageManager.swift */; };
		C32BA69829435B4D00E7D0D4 /* ItemLabel.swift in Sources */ = {isa = PBXBuildFile; fileRef = C32BA69729435B4D00E7D0D4 /* ItemLabel.swift */; };
		C32BA69B29449EAE00E7D0D4 /* BackgroundView.swift in Sources */ = {isa = PBXBuildFile; fileRef = C32BA69A29449EAE00E7D0D4 /* BackgroundView.swift */; };
/* End PBXBuildFile section */

/* Begin PBXFileReference section */
		60235CEC292CF22E0086CC3D /* MyDeskView.swift */ = {isa = PBXFileReference; lastKnownFileType = sourcecode.swift; path = MyDeskView.swift; sourceTree = "<group>"; };
		603AEC842903FDCC008B396D /* Astrum.app */ = {isa = PBXFileReference; explicitFileType = wrapper.application; includeInIndex = 0; path = Astrum.app; sourceTree = BUILT_PRODUCTS_DIR; };
		603AEC872903FDCC008B396D /* AstrumApp.swift */ = {isa = PBXFileReference; lastKnownFileType = sourcecode.swift; path = AstrumApp.swift; sourceTree = "<group>"; };
		603AEC892903FDCC008B396D /* ContentView.swift */ = {isa = PBXFileReference; lastKnownFileType = sourcecode.swift; path = ContentView.swift; sourceTree = "<group>"; };
		603AEC8B2903FDCC008B396D /* Assets.xcassets */ = {isa = PBXFileReference; lastKnownFileType = folder.assetcatalog; path = Assets.xcassets; sourceTree = "<group>"; };
		603AEC8E2903FDCC008B396D /* Preview Assets.xcassets */ = {isa = PBXFileReference; lastKnownFileType = folder.assetcatalog; path = "Preview Assets.xcassets"; sourceTree = "<group>"; };
		603AEC952903FE3B008B396D /* GlassCardView.swift */ = {isa = PBXFileReference; lastKnownFileType = sourcecode.swift; path = GlassCardView.swift; sourceTree = "<group>"; };
		603AEC9A29042709008B396D /* ColorExtension.swift */ = {isa = PBXFileReference; lastKnownFileType = sourcecode.swift; path = ColorExtension.swift; sourceTree = "<group>"; };
		603AEC9C29042DEF008B396D /* ViewExtension.swift */ = {isa = PBXFileReference; lastKnownFileType = sourcecode.swift; path = ViewExtension.swift; sourceTree = "<group>"; };
		604441F1293B46A20075E5CD /* DisplayView.swift */ = {isa = PBXFileReference; lastKnownFileType = sourcecode.swift; path = DisplayView.swift; sourceTree = "<group>"; };
		C314C95B293B7D360053868E /* DisplayScreenView.swift */ = {isa = PBXFileReference; lastKnownFileType = sourcecode.swift; path = DisplayScreenView.swift; sourceTree = "<group>"; };
		C314C95D293B7DFA0053868E /* DisplayFrameView.swift */ = {isa = PBXFileReference; lastKnownFileType = sourcecode.swift; path = DisplayFrameView.swift; sourceTree = "<group>"; };
		C314C95F293B7E450053868E /* DisplayStandView.swift */ = {isa = PBXFileReference; lastKnownFileType = sourcecode.swift; path = DisplayStandView.swift; sourceTree = "<group>"; };
		C314C961293B830E0053868E /* ImagePicker.swift */ = {isa = PBXFileReference; lastKnownFileType = sourcecode.swift; path = ImagePicker.swift; sourceTree = "<group>"; };
		C314C963293C77040053868E /* HapticFeedbackManager.swift */ = {isa = PBXFileReference; lastKnownFileType = sourcecode.swift; path = HapticFeedbackManager.swift; sourceTree = "<group>"; };
		C314C967293CB3D80053868E /* ItemView.swift */ = {isa = PBXFileReference; lastKnownFileType = sourcecode.swift; path = ItemView.swift; sourceTree = "<group>"; };
		C314C969293CB4700053868E /* ItemDetailView.swift */ = {isa = PBXFileReference; lastKnownFileType = sourcecode.swift; path = ItemDetailView.swift; sourceTree = "<group>"; };
		C32BA68C2940C8F000E7D0D4 /* SectionTitle.swift */ = {isa = PBXFileReference; lastKnownFileType = sourcecode.swift; path = SectionTitle.swift; sourceTree = "<group>"; };
		C32BA6912940CA4E00E7D0D4 /* ImageExtension.swift */ = {isa = PBXFileReference; lastKnownFileType = sourcecode.swift; path = ImageExtension.swift; sourceTree = "<group>"; };
		C32BA69429421F4F00E7D0D4 /* ImageManager.swift */ = {isa = PBXFileReference; lastKnownFileType = sourcecode.swift; path = ImageManager.swift; sourceTree = "<group>"; };
		C32BA69729435B4D00E7D0D4 /* ItemLabel.swift */ = {isa = PBXFileReference; lastKnownFileType = sourcecode.swift; path = ItemLabel.swift; sourceTree = "<group>"; };
		C32BA69A29449EAE00E7D0D4 /* BackgroundView.swift */ = {isa = PBXFileReference; lastKnownFileType = sourcecode.swift; path = BackgroundView.swift; sourceTree = "<group>"; };
/* End PBXFileReference section */

/* Begin PBXFrameworksBuildPhase section */
		603AEC812903FDCC008B396D /* Frameworks */ = {
			isa = PBXFrameworksBuildPhase;
			buildActionMask = 2147483647;
			files = (
			);
			runOnlyForDeploymentPostprocessing = 0;
		};
/* End PBXFrameworksBuildPhase section */

/* Begin PBXGroup section */
		603AEC7B2903FDCC008B396D = {
			isa = PBXGroup;
			children = (
				603AEC862903FDCC008B396D /* Astrum */,
				603AEC852903FDCC008B396D /* Products */,
			);
			sourceTree = "<group>";
		};
		603AEC852903FDCC008B396D /* Products */ = {
			isa = PBXGroup;
			children = (
				603AEC842903FDCC008B396D /* Astrum.app */,
			);
			name = Products;
			sourceTree = "<group>";
		};
		603AEC862903FDCC008B396D /* Astrum */ = {
			isa = PBXGroup;
			children = (
				603AEC8B2903FDCC008B396D /* Assets.xcassets */,
				603AEC872903FDCC008B396D /* AstrumApp.swift */,
				603AEC892903FDCC008B396D /* ContentView.swift */,
				603AEC952903FE3B008B396D /* GlassCardView.swift */,
				C32BA6932942034700E7D0D4 /* MyDesk */,
				603AEC8D2903FDCC008B396D /* Preview Content */,
				603AEC972904218C008B396D /* Utility */,
			);
			path = Astrum;
			sourceTree = "<group>";
		};
		603AEC8D2903FDCC008B396D /* Preview Content */ = {
			isa = PBXGroup;
			children = (
				603AEC8E2903FDCC008B396D /* Preview Assets.xcassets */,
			);
			path = "Preview Content";
			sourceTree = "<group>";
		};
		603AEC972904218C008B396D /* Utility */ = {
			isa = PBXGroup;
			children = (
				C32BA69929449E8300E7D0D4 /* CommonView */,
				C32BA6902940CA3200E7D0D4 /* Extension */,
				C314C963293C77040053868E /* HapticFeedbackManager.swift */,
				C32BA69429421F4F00E7D0D4 /* ImageManager.swift */,
				C314C961293B830E0053868E /* ImagePicker.swift */,
				C32BA68B2940C8CF00E7D0D4 /* Modifier */,
			);
			path = Utility;
			sourceTree = "<group>";
		};
		C32BA68A2940C7BE00E7D0D4 /* DisplayView */ = {
			isa = PBXGroup;
			children = (
				C314C95D293B7DFA0053868E /* DisplayFrameView.swift */,
				C314C95B293B7D360053868E /* DisplayScreenView.swift */,
				C314C95F293B7E450053868E /* DisplayStandView.swift */,
				604441F1293B46A20075E5CD /* DisplayView.swift */,
			);
			path = DisplayView;
			sourceTree = "<group>";
		};
		C32BA68B2940C8CF00E7D0D4 /* Modifier */ = {
			isa = PBXGroup;
			children = (
				C32BA68C2940C8F000E7D0D4 /* SectionTitle.swift */,
			);
			path = Modifier;
			sourceTree = "<group>";
		};
		C32BA6902940CA3200E7D0D4 /* Extension */ = {
			isa = PBXGroup;
			children = (
				603AEC9A29042709008B396D /* ColorExtension.swift */,
				C32BA6912940CA4E00E7D0D4 /* ImageExtension.swift */,
				603AEC9C29042DEF008B396D /* ViewExtension.swift */,
			);
			path = Extension;
			sourceTree = "<group>";
		};
		C32BA6932942034700E7D0D4 /* MyDesk */ = {
			isa = PBXGroup;
			children = (
				C32BA6962943565D00E7D0D4 /* ItemView */,
				C32BA68A2940C7BE00E7D0D4 /* DisplayView */,
				60235CEC292CF22E0086CC3D /* MyDeskView.swift */,
			);
			path = MyDesk;
			sourceTree = "<group>";
		};
		C32BA6962943565D00E7D0D4 /* ItemView */ = {
			isa = PBXGroup;
			children = (
				C314C969293CB4700053868E /* ItemDetailView.swift */,
				C32BA69729435B4D00E7D0D4 /* ItemLabel.swift */,
				C314C967293CB3D80053868E /* ItemView.swift */,
			);
			path = ItemView;
			sourceTree = "<group>";
		};
		C32BA69929449E8300E7D0D4 /* CommonView */ = {
			isa = PBXGroup;
			children = (
				C32BA69A29449EAE00E7D0D4 /* BackgroundView.swift */,
			);
			path = CommonView;
			sourceTree = "<group>";
		};
/* End PBXGroup section */

/* Begin PBXNativeTarget section */
		603AEC832903FDCC008B396D /* Astrum */ = {
			isa = PBXNativeTarget;
			buildConfigurationList = 603AEC922903FDCC008B396D /* Build configuration list for PBXNativeTarget "Astrum" */;
			buildPhases = (
				603AEC802903FDCC008B396D /* Sources */,
				603AEC812903FDCC008B396D /* Frameworks */,
				603AEC822903FDCC008B396D /* Resources */,
			);
			buildRules = (
			);
			dependencies = (
			);
			name = Astrum;
			productName = Astrum;
			productReference = 603AEC842903FDCC008B396D /* Astrum.app */;
			productType = "com.apple.product-type.application";
		};
/* End PBXNativeTarget section */

/* Begin PBXProject section */
		603AEC7C2903FDCC008B396D /* Project object */ = {
			isa = PBXProject;
			attributes = {
				BuildIndependentTargetsInParallel = 1;
				LastSwiftUpdateCheck = 1400;
				LastUpgradeCheck = 1400;
				TargetAttributes = {
					603AEC832903FDCC008B396D = {
						CreatedOnToolsVersion = 14.0.1;
					};
				};
			};
			buildConfigurationList = 603AEC7F2903FDCC008B396D /* Build configuration list for PBXProject "Astrum" */;
			compatibilityVersion = "Xcode 14.0";
			developmentRegion = en;
			hasScannedForEncodings = 0;
			knownRegions = (
				en,
				Base,
			);
			mainGroup = 603AEC7B2903FDCC008B396D;
			productRefGroup = 603AEC852903FDCC008B396D /* Products */;
			projectDirPath = "";
			projectRoot = "";
			targets = (
				603AEC832903FDCC008B396D /* Astrum */,
			);
		};
/* End PBXProject section */

/* Begin PBXResourcesBuildPhase section */
		603AEC822903FDCC008B396D /* Resources */ = {
			isa = PBXResourcesBuildPhase;
			buildActionMask = 2147483647;
			files = (
				603AEC8F2903FDCC008B396D /* Preview Assets.xcassets in Resources */,
				603AEC8C2903FDCC008B396D /* Assets.xcassets in Resources */,
			);
			runOnlyForDeploymentPostprocessing = 0;
		};
/* End PBXResourcesBuildPhase section */

/* Begin PBXSourcesBuildPhase section */
		603AEC802903FDCC008B396D /* Sources */ = {
			isa = PBXSourcesBuildPhase;
			buildActionMask = 2147483647;
			files = (
				C314C95E293B7DFA0053868E /* DisplayFrameView.swift in Sources */,
				603AEC8A2903FDCC008B396D /* ContentView.swift in Sources */,
				C314C96A293CB4700053868E /* ItemDetailView.swift in Sources */,
				603AEC882903FDCC008B396D /* AstrumApp.swift in Sources */,
				C314C964293C77040053868E /* HapticFeedbackManager.swift in Sources */,
				C32BA68D2940C8F000E7D0D4 /* SectionTitle.swift in Sources */,
				603AEC962903FE3B008B396D /* GlassCardView.swift in Sources */,
				C314C95C293B7D360053868E /* DisplayScreenView.swift in Sources */,
				C32BA69529421F4F00E7D0D4 /* ImageManager.swift in Sources */,
				C314C968293CB3D80053868E /* ItemView.swift in Sources */,
				603AEC9B29042709008B396D /* ColorExtension.swift in Sources */,
				C314C960293B7E450053868E /* DisplayStandView.swift in Sources */,
				C314C962293B830E0053868E /* ImagePicker.swift in Sources */,
				604441F2293B46A20075E5CD /* DisplayView.swift in Sources */,
				603AEC9D29042DEF008B396D /* ViewExtension.swift in Sources */,
				C32BA69829435B4D00E7D0D4 /* ItemLabel.swift in Sources */,
				60235CED292CF22E0086CC3D /* MyDeskView.swift in Sources */,
				C32BA69B29449EAE00E7D0D4 /* BackgroundView.swift in Sources */,
				C32BA6922940CA4E00E7D0D4 /* ImageExtension.swift in Sources */,
			);
			runOnlyForDeploymentPostprocessing = 0;
		};
/* End PBXSourcesBuildPhase section */

/* Begin XCBuildConfiguration section */
		603AEC902903FDCC008B396D /* Debug */ = {
			isa = XCBuildConfiguration;
			buildSettings = {
				ALWAYS_SEARCH_USER_PATHS = NO;
				CLANG_ANALYZER_NONNULL = YES;
				CLANG_ANALYZER_NUMBER_OBJECT_CONVERSION = YES_AGGRESSIVE;
				CLANG_CXX_LANGUAGE_STANDARD = "gnu++20";
				CLANG_ENABLE_MODULES = YES;
				CLANG_ENABLE_OBJC_ARC = YES;
				CLANG_ENABLE_OBJC_WEAK = YES;
				CLANG_WARN_BLOCK_CAPTURE_AUTORELEASING = YES;
				CLANG_WARN_BOOL_CONVERSION = YES;
				CLANG_WARN_COMMA = YES;
				CLANG_WARN_CONSTANT_CONVERSION = YES;
				CLANG_WARN_DEPRECATED_OBJC_IMPLEMENTATIONS = YES;
				CLANG_WARN_DIRECT_OBJC_ISA_USAGE = YES_ERROR;
				CLANG_WARN_DOCUMENTATION_COMMENTS = YES;
				CLANG_WARN_EMPTY_BODY = YES;
				CLANG_WARN_ENUM_CONVERSION = YES;
				CLANG_WARN_INFINITE_RECURSION = YES;
				CLANG_WARN_INT_CONVERSION = YES;
				CLANG_WARN_NON_LITERAL_NULL_CONVERSION = YES;
				CLANG_WARN_OBJC_IMPLICIT_RETAIN_SELF = YES;
				CLANG_WARN_OBJC_LITERAL_CONVERSION = YES;
				CLANG_WARN_OBJC_ROOT_CLASS = YES_ERROR;
				CLANG_WARN_QUOTED_INCLUDE_IN_FRAMEWORK_HEADER = YES;
				CLANG_WARN_RANGE_LOOP_ANALYSIS = YES;
				CLANG_WARN_STRICT_PROTOTYPES = YES;
				CLANG_WARN_SUSPICIOUS_MOVE = YES;
				CLANG_WARN_UNGUARDED_AVAILABILITY = YES_AGGRESSIVE;
				CLANG_WARN_UNREACHABLE_CODE = YES;
				CLANG_WARN__DUPLICATE_METHOD_MATCH = YES;
				COPY_PHASE_STRIP = NO;
				DEBUG_INFORMATION_FORMAT = dwarf;
				ENABLE_STRICT_OBJC_MSGSEND = YES;
				ENABLE_TESTABILITY = YES;
				GCC_C_LANGUAGE_STANDARD = gnu11;
				GCC_DYNAMIC_NO_PIC = NO;
				GCC_NO_COMMON_BLOCKS = YES;
				GCC_OPTIMIZATION_LEVEL = 0;
				GCC_PREPROCESSOR_DEFINITIONS = (
					"DEBUG=1",
					"$(inherited)",
				);
				GCC_WARN_64_TO_32_BIT_CONVERSION = YES;
				GCC_WARN_ABOUT_RETURN_TYPE = YES_ERROR;
				GCC_WARN_UNDECLARED_SELECTOR = YES;
				GCC_WARN_UNINITIALIZED_AUTOS = YES_AGGRESSIVE;
				GCC_WARN_UNUSED_FUNCTION = YES;
				GCC_WARN_UNUSED_VARIABLE = YES;
				IPHONEOS_DEPLOYMENT_TARGET = 16.0;
				MTL_ENABLE_DEBUG_INFO = INCLUDE_SOURCE;
				MTL_FAST_MATH = YES;
				ONLY_ACTIVE_ARCH = YES;
				SDKROOT = iphoneos;
				SWIFT_ACTIVE_COMPILATION_CONDITIONS = DEBUG;
				SWIFT_OPTIMIZATION_LEVEL = "-Onone";
			};
			name = Debug;
		};
		603AEC912903FDCC008B396D /* Release */ = {
			isa = XCBuildConfiguration;
			buildSettings = {
				ALWAYS_SEARCH_USER_PATHS = NO;
				CLANG_ANALYZER_NONNULL = YES;
				CLANG_ANALYZER_NUMBER_OBJECT_CONVERSION = YES_AGGRESSIVE;
				CLANG_CXX_LANGUAGE_STANDARD = "gnu++20";
				CLANG_ENABLE_MODULES = YES;
				CLANG_ENABLE_OBJC_ARC = YES;
				CLANG_ENABLE_OBJC_WEAK = YES;
				CLANG_WARN_BLOCK_CAPTURE_AUTORELEASING = YES;
				CLANG_WARN_BOOL_CONVERSION = YES;
				CLANG_WARN_COMMA = YES;
				CLANG_WARN_CONSTANT_CONVERSION = YES;
				CLANG_WARN_DEPRECATED_OBJC_IMPLEMENTATIONS = YES;
				CLANG_WARN_DIRECT_OBJC_ISA_USAGE = YES_ERROR;
				CLANG_WARN_DOCUMENTATION_COMMENTS = YES;
				CLANG_WARN_EMPTY_BODY = YES;
				CLANG_WARN_ENUM_CONVERSION = YES;
				CLANG_WARN_INFINITE_RECURSION = YES;
				CLANG_WARN_INT_CONVERSION = YES;
				CLANG_WARN_NON_LITERAL_NULL_CONVERSION = YES;
				CLANG_WARN_OBJC_IMPLICIT_RETAIN_SELF = YES;
				CLANG_WARN_OBJC_LITERAL_CONVERSION = YES;
				CLANG_WARN_OBJC_ROOT_CLASS = YES_ERROR;
				CLANG_WARN_QUOTED_INCLUDE_IN_FRAMEWORK_HEADER = YES;
				CLANG_WARN_RANGE_LOOP_ANALYSIS = YES;
				CLANG_WARN_STRICT_PROTOTYPES = YES;
				CLANG_WARN_SUSPICIOUS_MOVE = YES;
				CLANG_WARN_UNGUARDED_AVAILABILITY = YES_AGGRESSIVE;
				CLANG_WARN_UNREACHABLE_CODE = YES;
				CLANG_WARN__DUPLICATE_METHOD_MATCH = YES;
				COPY_PHASE_STRIP = NO;
				DEBUG_INFORMATION_FORMAT = "dwarf-with-dsym";
				ENABLE_NS_ASSERTIONS = NO;
				ENABLE_STRICT_OBJC_MSGSEND = YES;
				GCC_C_LANGUAGE_STANDARD = gnu11;
				GCC_NO_COMMON_BLOCKS = YES;
				GCC_WARN_64_TO_32_BIT_CONVERSION = YES;
				GCC_WARN_ABOUT_RETURN_TYPE = YES_ERROR;
				GCC_WARN_UNDECLARED_SELECTOR = YES;
				GCC_WARN_UNINITIALIZED_AUTOS = YES_AGGRESSIVE;
				GCC_WARN_UNUSED_FUNCTION = YES;
				GCC_WARN_UNUSED_VARIABLE = YES;
				IPHONEOS_DEPLOYMENT_TARGET = 16.0;
				MTL_ENABLE_DEBUG_INFO = NO;
				MTL_FAST_MATH = YES;
				SDKROOT = iphoneos;
				SWIFT_COMPILATION_MODE = wholemodule;
				SWIFT_OPTIMIZATION_LEVEL = "-O";
				VALIDATE_PRODUCT = YES;
			};
			name = Release;
		};
		603AEC932903FDCC008B396D /* Debug */ = {
			isa = XCBuildConfiguration;
			buildSettings = {
				ASSETCATALOG_COMPILER_APPICON_NAME = AppIcon;
				ASSETCATALOG_COMPILER_GLOBAL_ACCENT_COLOR_NAME = AccentColor;
				CODE_SIGN_STYLE = Automatic;
				CURRENT_PROJECT_VERSION = 1;
				DEVELOPMENT_ASSET_PATHS = "\"Astrum/Preview Content\"";
				DEVELOPMENT_TEAM = BQ9TA5PGM2;
				ENABLE_PREVIEWS = YES;
				GENERATE_INFOPLIST_FILE = YES;
				INFOPLIST_KEY_NSPhotoLibraryUsageDescription = "デスクの写真を設定する為にフォトライブラリにアクセスします";
				INFOPLIST_KEY_UIApplicationSceneManifest_Generation = YES;
				INFOPLIST_KEY_UIApplicationSupportsIndirectInputEvents = YES;
				INFOPLIST_KEY_UILaunchScreen_Generation = YES;
				INFOPLIST_KEY_UISupportedInterfaceOrientations_iPad = "UIInterfaceOrientationPortrait UIInterfaceOrientationPortraitUpsideDown UIInterfaceOrientationLandscapeLeft UIInterfaceOrientationLandscapeRight";
				INFOPLIST_KEY_UISupportedInterfaceOrientations_iPhone = "UIInterfaceOrientationPortrait UIInterfaceOrientationLandscapeLeft UIInterfaceOrientationLandscapeRight";
				LD_RUNPATH_SEARCH_PATHS = (
					"$(inherited)",
					"@executable_path/Frameworks",
				);
				MARKETING_VERSION = 1.0;
				PRODUCT_BUNDLE_IDENTIFIER = com.myRecommendation20211017.Astrum;
				PRODUCT_NAME = "$(TARGET_NAME)";
				SWIFT_EMIT_LOC_STRINGS = YES;
				SWIFT_VERSION = 5.0;
				TARGETED_DEVICE_FAMILY = "1,2";
			};
			name = Debug;
		};
		603AEC942903FDCC008B396D /* Release */ = {
			isa = XCBuildConfiguration;
			buildSettings = {
				ASSETCATALOG_COMPILER_APPICON_NAME = AppIcon;
				ASSETCATALOG_COMPILER_GLOBAL_ACCENT_COLOR_NAME = AccentColor;
				CODE_SIGN_STYLE = Automatic;
				CURRENT_PROJECT_VERSION = 1;
				DEVELOPMENT_ASSET_PATHS = "\"Astrum/Preview Content\"";
				DEVELOPMENT_TEAM = BQ9TA5PGM2;
				ENABLE_PREVIEWS = YES;
				GENERATE_INFOPLIST_FILE = YES;
				INFOPLIST_KEY_NSPhotoLibraryUsageDescription = "デスクの写真を設定する為にフォトライブラリにアクセスします";
				INFOPLIST_KEY_UIApplicationSceneManifest_Generation = YES;
				INFOPLIST_KEY_UIApplicationSupportsIndirectInputEvents = YES;
				INFOPLIST_KEY_UILaunchScreen_Generation = YES;
				INFOPLIST_KEY_UISupportedInterfaceOrientations_iPad = "UIInterfaceOrientationPortrait UIInterfaceOrientationPortraitUpsideDown UIInterfaceOrientationLandscapeLeft UIInterfaceOrientationLandscapeRight";
				INFOPLIST_KEY_UISupportedInterfaceOrientations_iPhone = "UIInterfaceOrientationPortrait UIInterfaceOrientationLandscapeLeft UIInterfaceOrientationLandscapeRight";
				LD_RUNPATH_SEARCH_PATHS = (
					"$(inherited)",
					"@executable_path/Frameworks",
				);
				MARKETING_VERSION = 1.0;
				PRODUCT_BUNDLE_IDENTIFIER = com.myRecommendation20211017.Astrum;
				PRODUCT_NAME = "$(TARGET_NAME)";
				SWIFT_EMIT_LOC_STRINGS = YES;
				SWIFT_VERSION = 5.0;
				TARGETED_DEVICE_FAMILY = "1,2";
			};
			name = Release;
		};
/* End XCBuildConfiguration section */

/* Begin XCConfigurationList section */
		603AEC7F2903FDCC008B396D /* Build configuration list for PBXProject "Astrum" */ = {
			isa = XCConfigurationList;
			buildConfigurations = (
				603AEC902903FDCC008B396D /* Debug */,
				603AEC912903FDCC008B396D /* Release */,
			);
			defaultConfigurationIsVisible = 0;
			defaultConfigurationName = Release;
		};
		603AEC922903FDCC008B396D /* Build configuration list for PBXNativeTarget "Astrum" */ = {
			isa = XCConfigurationList;
			buildConfigurations = (
				603AEC932903FDCC008B396D /* Debug */,
				603AEC942903FDCC008B396D /* Release */,
			);
			defaultConfigurationIsVisible = 0;
			defaultConfigurationName = Release;
		};
/* End XCConfigurationList section */
	};
	rootObject = 603AEC7C2903FDCC008B396D /* Project object */;
}
