// !$*UTF8*$!
{
	archiveVersion = 1;
	classes = {
	};
	objectVersion = 56;
	objects = {

/* Begin PBXBuildFile section */
		1443BADE8F7136BF04E0FB43 /* Pods_Astrum.framework in Frameworks */ = {isa = PBXBuildFile; fileRef = B812DFE7002E5C7479E49015 /* Pods_Astrum.framework */; };
		60235CED292CF22E0086CC3D /* MyDeskView.swift in Sources */ = {isa = PBXBuildFile; fileRef = 60235CEC292CF22E0086CC3D /* MyDeskView.swift */; };
		603AEC882903FDCC008B396D /* AstrumApp.swift in Sources */ = {isa = PBXBuildFile; fileRef = 603AEC872903FDCC008B396D /* AstrumApp.swift */; };
		603AEC8A2903FDCC008B396D /* ContentView.swift in Sources */ = {isa = PBXBuildFile; fileRef = 603AEC892903FDCC008B396D /* ContentView.swift */; };
		603AEC8C2903FDCC008B396D /* Assets.xcassets in Resources */ = {isa = PBXBuildFile; fileRef = 603AEC8B2903FDCC008B396D /* Assets.xcassets */; };
		603AEC8F2903FDCC008B396D /* Preview Assets.xcassets in Resources */ = {isa = PBXBuildFile; fileRef = 603AEC8E2903FDCC008B396D /* Preview Assets.xcassets */; };
		603AEC962903FE3B008B396D /* GlassCardView.swift in Sources */ = {isa = PBXBuildFile; fileRef = 603AEC952903FE3B008B396D /* GlassCardView.swift */; };
		603AEC9B29042709008B396D /* ColorExtension.swift in Sources */ = {isa = PBXBuildFile; fileRef = 603AEC9A29042709008B396D /* ColorExtension.swift */; };
		603AEC9D29042DEF008B396D /* ViewExtension.swift in Sources */ = {isa = PBXBuildFile; fileRef = 603AEC9C29042DEF008B396D /* ViewExtension.swift */; };
		604441F2293B46A20075E5CD /* DisplayView.swift in Sources */ = {isa = PBXBuildFile; fileRef = 604441F1293B46A20075E5CD /* DisplayView.swift */; };
		C314C95C293B7D360053868E /* DisplayScreenView.swift in Sources */ = {isa = PBXBuildFile; fileRef = C314C95B293B7D360053868E /* DisplayScreenView.swift */; };
		C314C95E293B7DFA0053868E /* DisplayFrameView.swift in Sources */ = {isa = PBXBuildFile; fileRef = C314C95D293B7DFA0053868E /* DisplayFrameView.swift */; };
		C314C960293B7E450053868E /* DisplayStandView.swift in Sources */ = {isa = PBXBuildFile; fileRef = C314C95F293B7E450053868E /* DisplayStandView.swift */; };
		C314C962293B830E0053868E /* ImagePicker.swift in Sources */ = {isa = PBXBuildFile; fileRef = C314C961293B830E0053868E /* ImagePicker.swift */; };
		C314C964293C77040053868E /* HapticFeedbackManager.swift in Sources */ = {isa = PBXBuildFile; fileRef = C314C963293C77040053868E /* HapticFeedbackManager.swift */; };
		C314C968293CB3D80053868E /* ItemView.swift in Sources */ = {isa = PBXBuildFile; fileRef = C314C967293CB3D80053868E /* ItemView.swift */; };
		C314C96A293CB4700053868E /* ItemDetailView.swift in Sources */ = {isa = PBXBuildFile; fileRef = C314C969293CB4700053868E /* ItemDetailView.swift */; };
		C32BA68D2940C8F000E7D0D4 /* SectionTitle.swift in Sources */ = {isa = PBXBuildFile; fileRef = C32BA68C2940C8F000E7D0D4 /* SectionTitle.swift */; };
		C32BA6922940CA4E00E7D0D4 /* ImageExtension.swift in Sources */ = {isa = PBXBuildFile; fileRef = C32BA6912940CA4E00E7D0D4 /* ImageExtension.swift */; };
		C32BA69529421F4F00E7D0D4 /* ImageManager.swift in Sources */ = {isa = PBXBuildFile; fileRef = C32BA69429421F4F00E7D0D4 /* ImageManager.swift */; };
		C32BA69829435B4D00E7D0D4 /* SelectItemLabel.swift in Sources */ = {isa = PBXBuildFile; fileRef = C32BA69729435B4D00E7D0D4 /* SelectItemLabel.swift */; };
		C32BA69B29449EAE00E7D0D4 /* BackgroundView.swift in Sources */ = {isa = PBXBuildFile; fileRef = C32BA69A29449EAE00E7D0D4 /* BackgroundView.swift */; };
		C32BA69D2944B0F900E7D0D4 /* ItemRegistrationView.swift in Sources */ = {isa = PBXBuildFile; fileRef = C32BA69C2944B0F900E7D0D4 /* ItemRegistrationView.swift */; };
		C32BA6A029458A0400E7D0D4 /* FavoritesView.swift in Sources */ = {isa = PBXBuildFile; fileRef = C32BA69F29458A0400E7D0D4 /* FavoritesView.swift */; };
		C3504CE22960117000201DF7 /* ItemCellView.swift in Sources */ = {isa = PBXBuildFile; fileRef = C3504CE12960117000201DF7 /* ItemCellView.swift */; };
		C3504CE62960210A00201DF7 /* ZenAntique-Regular.ttf in Resources */ = {isa = PBXBuildFile; fileRef = C3504CE42960210A00201DF7 /* ZenAntique-Regular.ttf */; };
		C3504CE72960210A00201DF7 /* OFL.txt in Resources */ = {isa = PBXBuildFile; fileRef = C3504CE52960210A00201DF7 /* OFL.txt */; };
		C3504CEB296124C700201DF7 /* SimpleTextField.swift in Sources */ = {isa = PBXBuildFile; fileRef = C3504CEA296124C700201DF7 /* SimpleTextField.swift */; };
		C3504CEE2961CA5000201DF7 /* SetupView.swift in Sources */ = {isa = PBXBuildFile; fileRef = C3504CED2961CA5000201DF7 /* SetupView.swift */; };
		C3504CF02961CBD500201DF7 /* SetupCellView.swift in Sources */ = {isa = PBXBuildFile; fileRef = C3504CEF2961CBD500201DF7 /* SetupCellView.swift */; };
		C3504CF32961D1EA00201DF7 /* WishListView.swift in Sources */ = {isa = PBXBuildFile; fileRef = C3504CF22961D1EA00201DF7 /* WishListView.swift */; };
		C3504CF529641C1000201DF7 /* SettingView.swift in Sources */ = {isa = PBXBuildFile; fileRef = C3504CF429641C1000201DF7 /* SettingView.swift */; };
		C3504CF82969262B00201DF7 /* Realm in Frameworks */ = {isa = PBXBuildFile; productRef = C3504CF72969262B00201DF7 /* Realm */; };
		C3504CFA2969262B00201DF7 /* RealmSwift in Frameworks */ = {isa = PBXBuildFile; productRef = C3504CF92969262B00201DF7 /* RealmSwift */; };
		C3504CFD2969268D00201DF7 /* DeskItem.swift in Sources */ = {isa = PBXBuildFile; fileRef = C3504CFC2969268D00201DF7 /* DeskItem.swift */; };
		C3504D01296BB02000201DF7 /* NotificationExtension.swift in Sources */ = {isa = PBXBuildFile; fileRef = C3504D00296BB02000201DF7 /* NotificationExtension.swift */; };
		C3504D03296BEF7F00201DF7 /* SetupDetailView.swift in Sources */ = {isa = PBXBuildFile; fileRef = C3504D02296BEF7F00201DF7 /* SetupDetailView.swift */; };
		C3504D05296D4DE800201DF7 /* SetupSelectItemView.swift in Sources */ = {isa = PBXBuildFile; fileRef = C3504D04296D4DE700201DF7 /* SetupSelectItemView.swift */; };
		C388AE2E298E4F6D00CA3377 /* AstrumProView.swift in Sources */ = {isa = PBXBuildFile; fileRef = C388AE2D298E4F6D00CA3377 /* AstrumProView.swift */; };
		C3BD4D4229739A61009F577E /* SetUpItemLabel.swift in Sources */ = {isa = PBXBuildFile; fileRef = C3BD4D4129739A61009F577E /* SetUpItemLabel.swift */; };
		C3BD4D44297CD8EE009F577E /* LaunchScreen.swift in Sources */ = {isa = PBXBuildFile; fileRef = C3BD4D43297CD8EE009F577E /* LaunchScreen.swift */; };
		C3F0148B2984FB220060EB03 /* AdMobBannerView.swift in Sources */ = {isa = PBXBuildFile; fileRef = C3F0148A2984FB220060EB03 /* AdMobBannerView.swift */; };
		C3F0148E298502F10060EB03 /* MailView.swift in Sources */ = {isa = PBXBuildFile; fileRef = C3F0148D298502F10060EB03 /* MailView.swift */; };
		C3F0149029850A990060EB03 /* WebView.swift in Sources */ = {isa = PBXBuildFile; fileRef = C3F0148F29850A990060EB03 /* WebView.swift */; };
/* End PBXBuildFile section */

/* Begin PBXFileReference section */
		60235CEC292CF22E0086CC3D /* MyDeskView.swift */ = {isa = PBXFileReference; lastKnownFileType = sourcecode.swift; path = MyDeskView.swift; sourceTree = "<group>"; };
		603AEC842903FDCC008B396D /* Astrum.app */ = {isa = PBXFileReference; explicitFileType = wrapper.application; includeInIndex = 0; path = Astrum.app; sourceTree = BUILT_PRODUCTS_DIR; };
		603AEC872903FDCC008B396D /* AstrumApp.swift */ = {isa = PBXFileReference; lastKnownFileType = sourcecode.swift; path = AstrumApp.swift; sourceTree = "<group>"; };
		603AEC892903FDCC008B396D /* ContentView.swift */ = {isa = PBXFileReference; lastKnownFileType = sourcecode.swift; path = ContentView.swift; sourceTree = "<group>"; };
		603AEC8B2903FDCC008B396D /* Assets.xcassets */ = {isa = PBXFileReference; lastKnownFileType = folder.assetcatalog; path = Assets.xcassets; sourceTree = "<group>"; };
		603AEC8E2903FDCC008B396D /* Preview Assets.xcassets */ = {isa = PBXFileReference; lastKnownFileType = folder.assetcatalog; path = "Preview Assets.xcassets"; sourceTree = "<group>"; };
		603AEC952903FE3B008B396D /* GlassCardView.swift */ = {isa = PBXFileReference; lastKnownFileType = sourcecode.swift; path = GlassCardView.swift; sourceTree = "<group>"; };
		603AEC9A29042709008B396D /* ColorExtension.swift */ = {isa = PBXFileReference; lastKnownFileType = sourcecode.swift; path = ColorExtension.swift; sourceTree = "<group>"; };
		603AEC9C29042DEF008B396D /* ViewExtension.swift */ = {isa = PBXFileReference; lastKnownFileType = sourcecode.swift; path = ViewExtension.swift; sourceTree = "<group>"; };
		604441F1293B46A20075E5CD /* DisplayView.swift */ = {isa = PBXFileReference; lastKnownFileType = sourcecode.swift; path = DisplayView.swift; sourceTree = "<group>"; };
		852707550B4970AA38A3B241 /* Pods-Astrum.debug.xcconfig */ = {isa = PBXFileReference; includeInIndex = 1; lastKnownFileType = text.xcconfig; name = "Pods-Astrum.debug.xcconfig"; path = "Target Support Files/Pods-Astrum/Pods-Astrum.debug.xcconfig"; sourceTree = "<group>"; };
		B812DFE7002E5C7479E49015 /* Pods_Astrum.framework */ = {isa = PBXFileReference; explicitFileType = wrapper.framework; includeInIndex = 0; path = Pods_Astrum.framework; sourceTree = BUILT_PRODUCTS_DIR; };
		C29166FDA865DE8C7DE0D6A9 /* Pods-Astrum.release.xcconfig */ = {isa = PBXFileReference; includeInIndex = 1; lastKnownFileType = text.xcconfig; name = "Pods-Astrum.release.xcconfig"; path = "Target Support Files/Pods-Astrum/Pods-Astrum.release.xcconfig"; sourceTree = "<group>"; };
		C314C95B293B7D360053868E /* DisplayScreenView.swift */ = {isa = PBXFileReference; lastKnownFileType = sourcecode.swift; path = DisplayScreenView.swift; sourceTree = "<group>"; };
		C314C95D293B7DFA0053868E /* DisplayFrameView.swift */ = {isa = PBXFileReference; lastKnownFileType = sourcecode.swift; path = DisplayFrameView.swift; sourceTree = "<group>"; };
		C314C95F293B7E450053868E /* DisplayStandView.swift */ = {isa = PBXFileReference; lastKnownFileType = sourcecode.swift; path = DisplayStandView.swift; sourceTree = "<group>"; };
		C314C961293B830E0053868E /* ImagePicker.swift */ = {isa = PBXFileReference; lastKnownFileType = sourcecode.swift; path = ImagePicker.swift; sourceTree = "<group>"; };
		C314C963293C77040053868E /* HapticFeedbackManager.swift */ = {isa = PBXFileReference; lastKnownFileType = sourcecode.swift; path = HapticFeedbackManager.swift; sourceTree = "<group>"; };
		C314C967293CB3D80053868E /* ItemView.swift */ = {isa = PBXFileReference; lastKnownFileType = sourcecode.swift; path = ItemView.swift; sourceTree = "<group>"; };
		C314C969293CB4700053868E /* ItemDetailView.swift */ = {isa = PBXFileReference; lastKnownFileType = sourcecode.swift; path = ItemDetailView.swift; sourceTree = "<group>"; };
		C32BA68C2940C8F000E7D0D4 /* SectionTitle.swift */ = {isa = PBXFileReference; lastKnownFileType = sourcecode.swift; path = SectionTitle.swift; sourceTree = "<group>"; };
		C32BA6912940CA4E00E7D0D4 /* ImageExtension.swift */ = {isa = PBXFileReference; lastKnownFileType = sourcecode.swift; path = ImageExtension.swift; sourceTree = "<group>"; };
		C32BA69429421F4F00E7D0D4 /* ImageManager.swift */ = {isa = PBXFileReference; lastKnownFileType = sourcecode.swift; path = ImageManager.swift; sourceTree = "<group>"; };
		C32BA69729435B4D00E7D0D4 /* SelectItemLabel.swift */ = {isa = PBXFileReference; lastKnownFileType = sourcecode.swift; path = SelectItemLabel.swift; sourceTree = "<group>"; };
		C32BA69A29449EAE00E7D0D4 /* BackgroundView.swift */ = {isa = PBXFileReference; lastKnownFileType = sourcecode.swift; path = BackgroundView.swift; sourceTree = "<group>"; };
		C32BA69C2944B0F900E7D0D4 /* ItemRegistrationView.swift */ = {isa = PBXFileReference; lastKnownFileType = sourcecode.swift; path = ItemRegistrationView.swift; sourceTree = "<group>"; };
		C32BA69F29458A0400E7D0D4 /* FavoritesView.swift */ = {isa = PBXFileReference; lastKnownFileType = sourcecode.swift; path = FavoritesView.swift; sourceTree = "<group>"; };
		C3504CE12960117000201DF7 /* ItemCellView.swift */ = {isa = PBXFileReference; lastKnownFileType = sourcecode.swift; path = ItemCellView.swift; sourceTree = "<group>"; };
		C3504CE42960210A00201DF7 /* ZenAntique-Regular.ttf */ = {isa = PBXFileReference; lastKnownFileType = file; path = "ZenAntique-Regular.ttf"; sourceTree = "<group>"; };
		C3504CE52960210A00201DF7 /* OFL.txt */ = {isa = PBXFileReference; fileEncoding = 4; lastKnownFileType = text; path = OFL.txt; sourceTree = "<group>"; };
		C3504CE92960217F00201DF7 /* Info.plist */ = {isa = PBXFileReference; lastKnownFileType = text.plist; path = Info.plist; sourceTree = "<group>"; };
		C3504CEA296124C700201DF7 /* SimpleTextField.swift */ = {isa = PBXFileReference; lastKnownFileType = sourcecode.swift; path = SimpleTextField.swift; sourceTree = "<group>"; };
		C3504CED2961CA5000201DF7 /* SetupView.swift */ = {isa = PBXFileReference; lastKnownFileType = sourcecode.swift; path = SetupView.swift; sourceTree = "<group>"; };
		C3504CEF2961CBD500201DF7 /* SetupCellView.swift */ = {isa = PBXFileReference; lastKnownFileType = sourcecode.swift; path = SetupCellView.swift; sourceTree = "<group>"; };
		C3504CF22961D1EA00201DF7 /* WishListView.swift */ = {isa = PBXFileReference; lastKnownFileType = sourcecode.swift; path = WishListView.swift; sourceTree = "<group>"; };
		C3504CF429641C1000201DF7 /* SettingView.swift */ = {isa = PBXFileReference; lastKnownFileType = sourcecode.swift; path = SettingView.swift; sourceTree = "<group>"; };
		C3504CFC2969268D00201DF7 /* DeskItem.swift */ = {isa = PBXFileReference; lastKnownFileType = sourcecode.swift; path = DeskItem.swift; sourceTree = "<group>"; };
		C3504D00296BB02000201DF7 /* NotificationExtension.swift */ = {isa = PBXFileReference; lastKnownFileType = sourcecode.swift; path = NotificationExtension.swift; sourceTree = "<group>"; };
		C3504D02296BEF7F00201DF7 /* SetupDetailView.swift */ = {isa = PBXFileReference; lastKnownFileType = sourcecode.swift; path = SetupDetailView.swift; sourceTree = "<group>"; };
		C3504D04296D4DE700201DF7 /* SetupSelectItemView.swift */ = {isa = PBXFileReference; lastKnownFileType = sourcecode.swift; path = SetupSelectItemView.swift; sourceTree = "<group>"; };
		C388AE2D298E4F6D00CA3377 /* AstrumProView.swift */ = {isa = PBXFileReference; lastKnownFileType = sourcecode.swift; path = AstrumProView.swift; sourceTree = "<group>"; };
		C3BD4D4129739A61009F577E /* SetUpItemLabel.swift */ = {isa = PBXFileReference; lastKnownFileType = sourcecode.swift; path = SetUpItemLabel.swift; sourceTree = "<group>"; };
		C3BD4D43297CD8EE009F577E /* LaunchScreen.swift */ = {isa = PBXFileReference; lastKnownFileType = sourcecode.swift; path = LaunchScreen.swift; sourceTree = "<group>"; };
		C3F0148A2984FB220060EB03 /* AdMobBannerView.swift */ = {isa = PBXFileReference; lastKnownFileType = sourcecode.swift; path = AdMobBannerView.swift; sourceTree = "<group>"; };
		C3F0148D298502F10060EB03 /* MailView.swift */ = {isa = PBXFileReference; lastKnownFileType = sourcecode.swift; path = MailView.swift; sourceTree = "<group>"; };
		C3F0148F29850A990060EB03 /* WebView.swift */ = {isa = PBXFileReference; lastKnownFileType = sourcecode.swift; path = WebView.swift; sourceTree = "<group>"; };
/* End PBXFileReference section */

/* Begin PBXFrameworksBuildPhase section */
		603AEC812903FDCC008B396D /* Frameworks */ = {
			isa = PBXFrameworksBuildPhase;
			buildActionMask = 2147483647;
			files = (
				C3504CFA2969262B00201DF7 /* RealmSwift in Frameworks */,
				C3504CF82969262B00201DF7 /* Realm in Frameworks */,
				1443BADE8F7136BF04E0FB43 /* Pods_Astrum.framework in Frameworks */,
			);
			runOnlyForDeploymentPostprocessing = 0;
		};
/* End PBXFrameworksBuildPhase section */

/* Begin PBXGroup section */
		603AEC7B2903FDCC008B396D = {
			isa = PBXGroup;
			children = (
				603AEC862903FDCC008B396D /* Astrum */,
				603AEC852903FDCC008B396D /* Products */,
				DC8BD691621DC9B3B34F2A18 /* Pods */,
				A2211580DE6E8BC8D61BA758 /* Frameworks */,
			);
			sourceTree = "<group>";
		};
		603AEC852903FDCC008B396D /* Products */ = {
			isa = PBXGroup;
			children = (
				603AEC842903FDCC008B396D /* Astrum.app */,
			);
			name = Products;
			sourceTree = "<group>";
		};
		603AEC862903FDCC008B396D /* Astrum */ = {
			isa = PBXGroup;
			children = (
				C3F0148A2984FB220060EB03 /* AdMobBannerView.swift */,
				603AEC8B2903FDCC008B396D /* Assets.xcassets */,
				603AEC872903FDCC008B396D /* AstrumApp.swift */,
				603AEC892903FDCC008B396D /* ContentView.swift */,
				C3504CFB2969266F00201DF7 /* Entity */,
				C32BA69E294589D700E7D0D4 /* Favorites */,
				603AEC952903FE3B008B396D /* GlassCardView.swift */,
				C3504CE92960217F00201DF7 /* Info.plist */,
				C3BD4D43297CD8EE009F577E /* LaunchScreen.swift */,
				C32BA6932942034700E7D0D4 /* MyDesk */,
				603AEC8D2903FDCC008B396D /* Preview Content */,
				C3504CE82960212100201DF7 /* Resouces */,
				C3F0148C298502C70060EB03 /* Setting */,
				603AEC972904218C008B396D /* Utility */,
			);
			path = Astrum;
			sourceTree = "<group>";
		};
		603AEC8D2903FDCC008B396D /* Preview Content */ = {
			isa = PBXGroup;
			children = (
				603AEC8E2903FDCC008B396D /* Preview Assets.xcassets */,
			);
			path = "Preview Content";
			sourceTree = "<group>";
		};
		603AEC972904218C008B396D /* Utility */ = {
			isa = PBXGroup;
			children = (
				C32BA69929449E8300E7D0D4 /* CommonView */,
				C32BA6902940CA3200E7D0D4 /* Extension */,
				C314C963293C77040053868E /* HapticFeedbackManager.swift */,
				C32BA69429421F4F00E7D0D4 /* ImageManager.swift */,
				C314C961293B830E0053868E /* ImagePicker.swift */,
				C32BA68B2940C8CF00E7D0D4 /* Modifier */,
			);
			path = Utility;
			sourceTree = "<group>";
		};
		A2211580DE6E8BC8D61BA758 /* Frameworks */ = {
			isa = PBXGroup;
			children = (
				B812DFE7002E5C7479E49015 /* Pods_Astrum.framework */,
			);
			name = Frameworks;
			sourceTree = "<group>";
		};
		C32BA68A2940C7BE00E7D0D4 /* DisplayView */ = {
			isa = PBXGroup;
			children = (
				C314C95D293B7DFA0053868E /* DisplayFrameView.swift */,
				C314C95B293B7D360053868E /* DisplayScreenView.swift */,
				C314C95F293B7E450053868E /* DisplayStandView.swift */,
				604441F1293B46A20075E5CD /* DisplayView.swift */,
			);
			path = DisplayView;
			sourceTree = "<group>";
		};
		C32BA68B2940C8CF00E7D0D4 /* Modifier */ = {
			isa = PBXGroup;
			children = (
				C32BA68C2940C8F000E7D0D4 /* SectionTitle.swift */,
				C3504CEA296124C700201DF7 /* SimpleTextField.swift */,
			);
			path = Modifier;
			sourceTree = "<group>";
		};
		C32BA6902940CA3200E7D0D4 /* Extension */ = {
			isa = PBXGroup;
			children = (
				603AEC9A29042709008B396D /* ColorExtension.swift */,
				C32BA6912940CA4E00E7D0D4 /* ImageExtension.swift */,
				C3504D00296BB02000201DF7 /* NotificationExtension.swift */,
				603AEC9C29042DEF008B396D /* ViewExtension.swift */,
			);
			path = Extension;
			sourceTree = "<group>";
		};
		C32BA6932942034700E7D0D4 /* MyDesk */ = {
			isa = PBXGroup;
			children = (
				C388AE2D298E4F6D00CA3377 /* AstrumProView.swift */,
				C32BA68A2940C7BE00E7D0D4 /* DisplayView */,
				C32BA6962943565D00E7D0D4 /* ItemView */,
				60235CEC292CF22E0086CC3D /* MyDeskView.swift */,
				C3504CEC2961CA3100201DF7 /* SetupView */,
				C3504CF12961D1C600201DF7 /* WishListView */,
			);
			path = MyDesk;
			sourceTree = "<group>";
		};
		C32BA6962943565D00E7D0D4 /* ItemView */ = {
			isa = PBXGroup;
			children = (
				C3504CE12960117000201DF7 /* ItemCellView.swift */,
				C314C969293CB4700053868E /* ItemDetailView.swift */,
				C32BA69C2944B0F900E7D0D4 /* ItemRegistrationView.swift */,
				C314C967293CB3D80053868E /* ItemView.swift */,
			);
			path = ItemView;
			sourceTree = "<group>";
		};
		C32BA69929449E8300E7D0D4 /* CommonView */ = {
			isa = PBXGroup;
			children = (
				C32BA69A29449EAE00E7D0D4 /* BackgroundView.swift */,
				C3F0148F29850A990060EB03 /* WebView.swift */,
			);
			path = CommonView;
			sourceTree = "<group>";
		};
		C32BA69E294589D700E7D0D4 /* Favorites */ = {
			isa = PBXGroup;
			children = (
				C32BA69F29458A0400E7D0D4 /* FavoritesView.swift */,
			);
			path = Favorites;
			sourceTree = "<group>";
		};
		C3504CE32960210A00201DF7 /* Zen_Antique */ = {
			isa = PBXGroup;
			children = (
				C3504CE42960210A00201DF7 /* ZenAntique-Regular.ttf */,
				C3504CE52960210A00201DF7 /* OFL.txt */,
			);
			path = Zen_Antique;
			sourceTree = "<group>";
		};
		C3504CE82960212100201DF7 /* Resouces */ = {
			isa = PBXGroup;
			children = (
				C3504CE32960210A00201DF7 /* Zen_Antique */,
			);
			path = Resouces;
			sourceTree = "<group>";
		};
		C3504CEC2961CA3100201DF7 /* SetupView */ = {
			isa = PBXGroup;
			children = (
				C32BA69729435B4D00E7D0D4 /* SelectItemLabel.swift */,
				C3504CEF2961CBD500201DF7 /* SetupCellView.swift */,
				C3504D02296BEF7F00201DF7 /* SetupDetailView.swift */,
				C3BD4D4129739A61009F577E /* SetUpItemLabel.swift */,
				C3504D04296D4DE700201DF7 /* SetupSelectItemView.swift */,
				C3504CED2961CA5000201DF7 /* SetupView.swift */,
			);
			path = SetupView;
			sourceTree = "<group>";
		};
		C3504CF12961D1C600201DF7 /* WishListView */ = {
			isa = PBXGroup;
			children = (
				C3504CF22961D1EA00201DF7 /* WishListView.swift */,
			);
			path = WishListView;
			sourceTree = "<group>";
		};
		C3504CFB2969266F00201DF7 /* Entity */ = {
			isa = PBXGroup;
			children = (
				C3504CFC2969268D00201DF7 /* DeskItem.swift */,
			);
			path = Entity;
			sourceTree = "<group>";
		};
		C3F0148C298502C70060EB03 /* Setting */ = {
			isa = PBXGroup;
			children = (
				C3504CF429641C1000201DF7 /* SettingView.swift */,
				C3F0148D298502F10060EB03 /* MailView.swift */,
			);
			path = Setting;
			sourceTree = "<group>";
		};
		DC8BD691621DC9B3B34F2A18 /* Pods */ = {
			isa = PBXGroup;
			children = (
				852707550B4970AA38A3B241 /* Pods-Astrum.debug.xcconfig */,
				C29166FDA865DE8C7DE0D6A9 /* Pods-Astrum.release.xcconfig */,
			);
			path = Pods;
			sourceTree = "<group>";
		};
/* End PBXGroup section */

/* Begin PBXNativeTarget section */
		603AEC832903FDCC008B396D /* Astrum */ = {
			isa = PBXNativeTarget;
			buildConfigurationList = 603AEC922903FDCC008B396D /* Build configuration list for PBXNativeTarget "Astrum" */;
			buildPhases = (
				BEA4378E6A6388E354545F3A /* [CP] Check Pods Manifest.lock */,
				603AEC802903FDCC008B396D /* Sources */,
				603AEC812903FDCC008B396D /* Frameworks */,
				603AEC822903FDCC008B396D /* Resources */,
				1134144A06B0507A845AE813 /* [CP] Embed Pods Frameworks */,
			);
			buildRules = (
			);
			dependencies = (
			);
			name = Astrum;
			packageProductDependencies = (
				C3504CF72969262B00201DF7 /* Realm */,
				C3504CF92969262B00201DF7 /* RealmSwift */,
			);
			productName = Astrum;
			productReference = 603AEC842903FDCC008B396D /* Astrum.app */;
			productType = "com.apple.product-type.application";
		};
/* End PBXNativeTarget section */

/* Begin PBXProject section */
		603AEC7C2903FDCC008B396D /* Project object */ = {
			isa = PBXProject;
			attributes = {
				BuildIndependentTargetsInParallel = 1;
				LastSwiftUpdateCheck = 1400;
				LastUpgradeCheck = 1400;
				TargetAttributes = {
					603AEC832903FDCC008B396D = {
						CreatedOnToolsVersion = 14.0.1;
					};
				};
			};
			buildConfigurationList = 603AEC7F2903FDCC008B396D /* Build configuration list for PBXProject "Astrum" */;
			compatibilityVersion = "Xcode 14.0";
			developmentRegion = en;
			hasScannedForEncodings = 0;
			knownRegions = (
				en,
				Base,
			);
			mainGroup = 603AEC7B2903FDCC008B396D;
			packageReferences = (
				C3504CF62969262B00201DF7 /* XCRemoteSwiftPackageReference "realm-swift" */,
			);
			productRefGroup = 603AEC852903FDCC008B396D /* Products */;
			projectDirPath = "";
			projectRoot = "";
			targets = (
				603AEC832903FDCC008B396D /* Astrum */,
			);
		};
/* End PBXProject section */

/* Begin PBXResourcesBuildPhase section */
		603AEC822903FDCC008B396D /* Resources */ = {
			isa = PBXResourcesBuildPhase;
			buildActionMask = 2147483647;
			files = (
				603AEC8F2903FDCC008B396D /* Preview Assets.xcassets in Resources */,
				C3504CE62960210A00201DF7 /* ZenAntique-Regular.ttf in Resources */,
				C3504CE72960210A00201DF7 /* OFL.txt in Resources */,
				603AEC8C2903FDCC008B396D /* Assets.xcassets in Resources */,
			);
			runOnlyForDeploymentPostprocessing = 0;
		};
/* End PBXResourcesBuildPhase section */

/* Begin PBXShellScriptBuildPhase section */
		1134144A06B0507A845AE813 /* [CP] Embed Pods Frameworks */ = {
			isa = PBXShellScriptBuildPhase;
			buildActionMask = 2147483647;
			files = (
			);
			inputFileListPaths = (
				"${PODS_ROOT}/Target Support Files/Pods-Astrum/Pods-Astrum-frameworks-${CONFIGURATION}-input-files.xcfilelist",
			);
			name = "[CP] Embed Pods Frameworks";
			outputFileListPaths = (
				"${PODS_ROOT}/Target Support Files/Pods-Astrum/Pods-Astrum-frameworks-${CONFIGURATION}-output-files.xcfilelist",
			);
			runOnlyForDeploymentPostprocessing = 0;
			shellPath = /bin/sh;
			shellScript = "\"${PODS_ROOT}/Target Support Files/Pods-Astrum/Pods-Astrum-frameworks.sh\"\n";
			showEnvVarsInLog = 0;
		};
		BEA4378E6A6388E354545F3A /* [CP] Check Pods Manifest.lock */ = {
			isa = PBXShellScriptBuildPhase;
			buildActionMask = 2147483647;
			files = (
			);
			inputFileListPaths = (
			);
			inputPaths = (
				"${PODS_PODFILE_DIR_PATH}/Podfile.lock",
				"${PODS_ROOT}/Manifest.lock",
			);
			name = "[CP] Check Pods Manifest.lock";
			outputFileListPaths = (
			);
			outputPaths = (
				"$(DERIVED_FILE_DIR)/Pods-Astrum-checkManifestLockResult.txt",
			);
			runOnlyForDeploymentPostprocessing = 0;
			shellPath = /bin/sh;
			shellScript = "diff \"${PODS_PODFILE_DIR_PATH}/Podfile.lock\" \"${PODS_ROOT}/Manifest.lock\" > /dev/null\nif [ $? != 0 ] ; then\n    # print error to STDERR\n    echo \"error: The sandbox is not in sync with the Podfile.lock. Run 'pod install' or update your CocoaPods installation.\" >&2\n    exit 1\nfi\n# This output is used by Xcode 'outputs' to avoid re-running this script phase.\necho \"SUCCESS\" > \"${SCRIPT_OUTPUT_FILE_0}\"\n";
			showEnvVarsInLog = 0;
		};
/* End PBXShellScriptBuildPhase section */

/* Begin PBXSourcesBuildPhase section */
		603AEC802903FDCC008B396D /* Sources */ = {
			isa = PBXSourcesBuildPhase;
			buildActionMask = 2147483647;
			files = (
				C314C95E293B7DFA0053868E /* DisplayFrameView.swift in Sources */,
				603AEC8A2903FDCC008B396D /* ContentView.swift in Sources */,
				C3BD4D44297CD8EE009F577E /* LaunchScreen.swift in Sources */,
				C314C96A293CB4700053868E /* ItemDetailView.swift in Sources */,
				C3504CE22960117000201DF7 /* ItemCellView.swift in Sources */,
				603AEC882903FDCC008B396D /* AstrumApp.swift in Sources */,
				C388AE2E298E4F6D00CA3377 /* AstrumProView.swift in Sources */,
				C314C964293C77040053868E /* HapticFeedbackManager.swift in Sources */,
				C32BA68D2940C8F000E7D0D4 /* SectionTitle.swift in Sources */,
				C3504D01296BB02000201DF7 /* NotificationExtension.swift in Sources */,
				603AEC962903FE3B008B396D /* GlassCardView.swift in Sources */,
				C314C95C293B7D360053868E /* DisplayScreenView.swift in Sources */,
				C32BA69529421F4F00E7D0D4 /* ImageManager.swift in Sources */,
				C314C968293CB3D80053868E /* ItemView.swift in Sources */,
				C3504CF32961D1EA00201DF7 /* WishListView.swift in Sources */,
				C3F0148B2984FB220060EB03 /* AdMobBannerView.swift in Sources */,
				C32BA69D2944B0F900E7D0D4 /* ItemRegistrationView.swift in Sources */,
				C32BA6A029458A0400E7D0D4 /* FavoritesView.swift in Sources */,
				C3BD4D4229739A61009F577E /* SetUpItemLabel.swift in Sources */,
				C3504CEB296124C700201DF7 /* SimpleTextField.swift in Sources */,
				C3F0148E298502F10060EB03 /* MailView.swift in Sources */,
				C3504CFD2969268D00201DF7 /* DeskItem.swift in Sources */,
				603AEC9B29042709008B396D /* ColorExtension.swift in Sources */,
				C314C960293B7E450053868E /* DisplayStandView.swift in Sources */,
				C314C962293B830E0053868E /* ImagePicker.swift in Sources */,
				C3504D05296D4DE800201DF7 /* SetupSelectItemView.swift in Sources */,
				604441F2293B46A20075E5CD /* DisplayView.swift in Sources */,
				603AEC9D29042DEF008B396D /* ViewExtension.swift in Sources */,
				C32BA69829435B4D00E7D0D4 /* SelectItemLabel.swift in Sources */,
				C3504CF529641C1000201DF7 /* SettingView.swift in Sources */,
				C3504CF02961CBD500201DF7 /* SetupCellView.swift in Sources */,
				60235CED292CF22E0086CC3D /* MyDeskView.swift in Sources */,
				C32BA69B29449EAE00E7D0D4 /* BackgroundView.swift in Sources */,
				C3504D03296BEF7F00201DF7 /* SetupDetailView.swift in Sources */,
				C3F0149029850A990060EB03 /* WebView.swift in Sources */,
				C3504CEE2961CA5000201DF7 /* SetupView.swift in Sources */,
				C32BA6922940CA4E00E7D0D4 /* ImageExtension.swift in Sources */,
			);
			runOnlyForDeploymentPostprocessing = 0;
		};
/* End PBXSourcesBuildPhase section */

/* Begin XCBuildConfiguration section */
		603AEC902903FDCC008B396D /* Debug */ = {
			isa = XCBuildConfiguration;
			buildSettings = {
				ALWAYS_SEARCH_USER_PATHS = NO;
				CLANG_ANALYZER_NONNULL = YES;
				CLANG_ANALYZER_NUMBER_OBJECT_CONVERSION = YES_AGGRESSIVE;
				CLANG_CXX_LANGUAGE_STANDARD = "gnu++20";
				CLANG_ENABLE_MODULES = YES;
				CLANG_ENABLE_OBJC_ARC = YES;
				CLANG_ENABLE_OBJC_WEAK = YES;
				CLANG_WARN_BLOCK_CAPTURE_AUTORELEASING = YES;
				CLANG_WARN_BOOL_CONVERSION = YES;
				CLANG_WARN_COMMA = YES;
				CLANG_WARN_CONSTANT_CONVERSION = YES;
				CLANG_WARN_DEPRECATED_OBJC_IMPLEMENTATIONS = YES;
				CLANG_WARN_DIRECT_OBJC_ISA_USAGE = YES_ERROR;
				CLANG_WARN_DOCUMENTATION_COMMENTS = YES;
				CLANG_WARN_EMPTY_BODY = YES;
				CLANG_WARN_ENUM_CONVERSION = YES;
				CLANG_WARN_INFINITE_RECURSION = YES;
				CLANG_WARN_INT_CONVERSION = YES;
				CLANG_WARN_NON_LITERAL_NULL_CONVERSION = YES;
				CLANG_WARN_OBJC_IMPLICIT_RETAIN_SELF = YES;
				CLANG_WARN_OBJC_LITERAL_CONVERSION = YES;
				CLANG_WARN_OBJC_ROOT_CLASS = YES_ERROR;
				CLANG_WARN_QUOTED_INCLUDE_IN_FRAMEWORK_HEADER = YES;
				CLANG_WARN_RANGE_LOOP_ANALYSIS = YES;
				CLANG_WARN_STRICT_PROTOTYPES = YES;
				CLANG_WARN_SUSPICIOUS_MOVE = YES;
				CLANG_WARN_UNGUARDED_AVAILABILITY = YES_AGGRESSIVE;
				CLANG_WARN_UNREACHABLE_CODE = YES;
				CLANG_WARN__DUPLICATE_METHOD_MATCH = YES;
				COPY_PHASE_STRIP = NO;
				DEBUG_INFORMATION_FORMAT = dwarf;
				ENABLE_STRICT_OBJC_MSGSEND = YES;
				ENABLE_TESTABILITY = YES;
				GCC_C_LANGUAGE_STANDARD = gnu11;
				GCC_DYNAMIC_NO_PIC = NO;
				GCC_NO_COMMON_BLOCKS = YES;
				GCC_OPTIMIZATION_LEVEL = 0;
				GCC_PREPROCESSOR_DEFINITIONS = (
					"DEBUG=1",
					"$(inherited)",
				);
				GCC_WARN_64_TO_32_BIT_CONVERSION = YES;
				GCC_WARN_ABOUT_RETURN_TYPE = YES_ERROR;
				GCC_WARN_UNDECLARED_SELECTOR = YES;
				GCC_WARN_UNINITIALIZED_AUTOS = YES_AGGRESSIVE;
				GCC_WARN_UNUSED_FUNCTION = YES;
				GCC_WARN_UNUSED_VARIABLE = YES;
				IPHONEOS_DEPLOYMENT_TARGET = 16.0;
				MTL_ENABLE_DEBUG_INFO = INCLUDE_SOURCE;
				MTL_FAST_MATH = YES;
				ONLY_ACTIVE_ARCH = YES;
				SDKROOT = iphoneos;
				SWIFT_ACTIVE_COMPILATION_CONDITIONS = DEBUG;
				SWIFT_OPTIMIZATION_LEVEL = "-Onone";
			};
			name = Debug;
		};
		603AEC912903FDCC008B396D /* Release */ = {
			isa = XCBuildConfiguration;
			buildSettings = {
				ALWAYS_SEARCH_USER_PATHS = NO;
				CLANG_ANALYZER_NONNULL = YES;
				CLANG_ANALYZER_NUMBER_OBJECT_CONVERSION = YES_AGGRESSIVE;
				CLANG_CXX_LANGUAGE_STANDARD = "gnu++20";
				CLANG_ENABLE_MODULES = YES;
				CLANG_ENABLE_OBJC_ARC = YES;
				CLANG_ENABLE_OBJC_WEAK = YES;
				CLANG_WARN_BLOCK_CAPTURE_AUTORELEASING = YES;
				CLANG_WARN_BOOL_CONVERSION = YES;
				CLANG_WARN_COMMA = YES;
				CLANG_WARN_CONSTANT_CONVERSION = YES;
				CLANG_WARN_DEPRECATED_OBJC_IMPLEMENTATIONS = YES;
				CLANG_WARN_DIRECT_OBJC_ISA_USAGE = YES_ERROR;
				CLANG_WARN_DOCUMENTATION_COMMENTS = YES;
				CLANG_WARN_EMPTY_BODY = YES;
				CLANG_WARN_ENUM_CONVERSION = YES;
				CLANG_WARN_INFINITE_RECURSION = YES;
				CLANG_WARN_INT_CONVERSION = YES;
				CLANG_WARN_NON_LITERAL_NULL_CONVERSION = YES;
				CLANG_WARN_OBJC_IMPLICIT_RETAIN_SELF = YES;
				CLANG_WARN_OBJC_LITERAL_CONVERSION = YES;
				CLANG_WARN_OBJC_ROOT_CLASS = YES_ERROR;
				CLANG_WARN_QUOTED_INCLUDE_IN_FRAMEWORK_HEADER = YES;
				CLANG_WARN_RANGE_LOOP_ANALYSIS = YES;
				CLANG_WARN_STRICT_PROTOTYPES = YES;
				CLANG_WARN_SUSPICIOUS_MOVE = YES;
				CLANG_WARN_UNGUARDED_AVAILABILITY = YES_AGGRESSIVE;
				CLANG_WARN_UNREACHABLE_CODE = YES;
				CLANG_WARN__DUPLICATE_METHOD_MATCH = YES;
				COPY_PHASE_STRIP = NO;
				DEBUG_INFORMATION_FORMAT = "dwarf-with-dsym";
				ENABLE_NS_ASSERTIONS = NO;
				ENABLE_STRICT_OBJC_MSGSEND = YES;
				GCC_C_LANGUAGE_STANDARD = gnu11;
				GCC_NO_COMMON_BLOCKS = YES;
				GCC_WARN_64_TO_32_BIT_CONVERSION = YES;
				GCC_WARN_ABOUT_RETURN_TYPE = YES_ERROR;
				GCC_WARN_UNDECLARED_SELECTOR = YES;
				GCC_WARN_UNINITIALIZED_AUTOS = YES_AGGRESSIVE;
				GCC_WARN_UNUSED_FUNCTION = YES;
				GCC_WARN_UNUSED_VARIABLE = YES;
				IPHONEOS_DEPLOYMENT_TARGET = 16.0;
				MTL_ENABLE_DEBUG_INFO = NO;
				MTL_FAST_MATH = YES;
				SDKROOT = iphoneos;
				SWIFT_COMPILATION_MODE = wholemodule;
				SWIFT_OPTIMIZATION_LEVEL = "-O";
				VALIDATE_PRODUCT = YES;
			};
			name = Release;
		};
		603AEC932903FDCC008B396D /* Debug */ = {
			isa = XCBuildConfiguration;
			baseConfigurationReference = 852707550B4970AA38A3B241 /* Pods-Astrum.debug.xcconfig */;
			buildSettings = {
				ASSETCATALOG_COMPILER_ALTERNATE_APPICON_NAMES = AppIconWhite;
				ASSETCATALOG_COMPILER_APPICON_NAME = AppIcon;
				ASSETCATALOG_COMPILER_GLOBAL_ACCENT_COLOR_NAME = AccentColor;
				CODE_SIGN_STYLE = Automatic;
				CURRENT_PROJECT_VERSION = 2;
				DEVELOPMENT_ASSET_PATHS = "\"Astrum/Preview Content\"";
				DEVELOPMENT_TEAM = BQ9TA5PGM2;
				ENABLE_PREVIEWS = YES;
				GENERATE_INFOPLIST_FILE = YES;
				INFOPLIST_FILE = Astrum/Info.plist;
				INFOPLIST_KEY_NSPhotoLibraryUsageDescription = "デスクの写真を設定する為にフォトライブラリにアクセスします";
				INFOPLIST_KEY_NSUserTrackingUsageDescription = "あなたの興味や関心に合わせた広告を表示するために利用します。";
				INFOPLIST_KEY_UIApplicationSceneManifest_Generation = YES;
				INFOPLIST_KEY_UIApplicationSupportsIndirectInputEvents = YES;
				INFOPLIST_KEY_UILaunchScreen_Generation = YES;
				INFOPLIST_KEY_UISupportedInterfaceOrientations_iPad = "UIInterfaceOrientationPortrait UIInterfaceOrientationPortraitUpsideDown UIInterfaceOrientationLandscapeLeft UIInterfaceOrientationLandscapeRight";
				INFOPLIST_KEY_UISupportedInterfaceOrientations_iPhone = "UIInterfaceOrientationPortrait UIInterfaceOrientationLandscapeLeft UIInterfaceOrientationLandscapeRight";
				LD_RUNPATH_SEARCH_PATHS = (
					"$(inherited)",
					"@executable_path/Frameworks",
				);
				MARKETING_VERSION = 1.0.5;
				PRODUCT_BUNDLE_IDENTIFIER = com.myRecommendation20211017.Astrum;
				PRODUCT_NAME = "$(TARGET_NAME)";
				SUPPORTED_PLATFORMS = "iphoneos iphonesimulator";
				SUPPORTS_MACCATALYST = NO;
				SUPPORTS_MAC_DESIGNED_FOR_IPHONE_IPAD = NO;
				SWIFT_EMIT_LOC_STRINGS = YES;
				SWIFT_VERSION = 5.0;
				TARGETED_DEVICE_FAMILY = 1;
			};
			name = Debug;
		};
		603AEC942903FDCC008B396D /* Release */ = {
			isa = XCBuildConfiguration;
			baseConfigurationReference = C29166FDA865DE8C7DE0D6A9 /* Pods-Astrum.release.xcconfig */;
			buildSettings = {
				ASSETCATALOG_COMPILER_ALTERNATE_APPICON_NAMES = AppIconWhite;
				ASSETCATALOG_COMPILER_APPICON_NAME = AppIcon;
				ASSETCATALOG_COMPILER_GLOBAL_ACCENT_COLOR_NAME = AccentColor;
				CODE_SIGN_STYLE = Automatic;
				CURRENT_PROJECT_VERSION = 2;
				DEVELOPMENT_ASSET_PATHS = "\"Astrum/Preview Content\"";
				DEVELOPMENT_TEAM = BQ9TA5PGM2;
				ENABLE_PREVIEWS = YES;
				GENERATE_INFOPLIST_FILE = YES;
				INFOPLIST_FILE = Astrum/Info.plist;
				INFOPLIST_KEY_NSPhotoLibraryUsageDescription = "デスクの写真を設定する為にフォトライブラリにアクセスします";
				INFOPLIST_KEY_NSUserTrackingUsageDescription = "あなたの興味や関心に合わせた広告を表示するために利用します。";
				INFOPLIST_KEY_UIApplicationSceneManifest_Generation = YES;
				INFOPLIST_KEY_UIApplicationSupportsIndirectInputEvents = YES;
				INFOPLIST_KEY_UILaunchScreen_Generation = YES;
				INFOPLIST_KEY_UISupportedInterfaceOrientations_iPad = "UIInterfaceOrientationPortrait UIInterfaceOrientationPortraitUpsideDown UIInterfaceOrientationLandscapeLeft UIInterfaceOrientationLandscapeRight";
				INFOPLIST_KEY_UISupportedInterfaceOrientations_iPhone = "UIInterfaceOrientationPortrait UIInterfaceOrientationLandscapeLeft UIInterfaceOrientationLandscapeRight";
				LD_RUNPATH_SEARCH_PATHS = (
					"$(inherited)",
					"@executable_path/Frameworks",
				);
				MARKETING_VERSION = 1.0.5;
				PRODUCT_BUNDLE_IDENTIFIER = com.myRecommendation20211017.Astrum;
				PRODUCT_NAME = "$(TARGET_NAME)";
				SUPPORTED_PLATFORMS = "iphoneos iphonesimulator";
				SUPPORTS_MACCATALYST = NO;
				SUPPORTS_MAC_DESIGNED_FOR_IPHONE_IPAD = NO;
				SWIFT_EMIT_LOC_STRINGS = YES;
				SWIFT_VERSION = 5.0;
				TARGETED_DEVICE_FAMILY = 1;
			};
			name = Release;
		};
/* End XCBuildConfiguration section */

/* Begin XCConfigurationList section */
		603AEC7F2903FDCC008B396D /* Build configuration list for PBXProject "Astrum" */ = {
			isa = XCConfigurationList;
			buildConfigurations = (
				603AEC902903FDCC008B396D /* Debug */,
				603AEC912903FDCC008B396D /* Release */,
			);
			defaultConfigurationIsVisible = 0;
			defaultConfigurationName = Release;
		};
		603AEC922903FDCC008B396D /* Build configuration list for PBXNativeTarget "Astrum" */ = {
			isa = XCConfigurationList;
			buildConfigurations = (
				603AEC932903FDCC008B396D /* Debug */,
				603AEC942903FDCC008B396D /* Release */,
			);
			defaultConfigurationIsVisible = 0;
			defaultConfigurationName = Release;
		};
/* End XCConfigurationList section */

/* Begin XCRemoteSwiftPackageReference section */
		C3504CF62969262B00201DF7 /* XCRemoteSwiftPackageReference "realm-swift" */ = {
			isa = XCRemoteSwiftPackageReference;
			repositoryURL = "https://github.com/realm/realm-swift.git";
			requirement = {
				kind = upToNextMajorVersion;
				minimumVersion = 10.33.0;
			};
		};
/* End XCRemoteSwiftPackageReference section */

/* Begin XCSwiftPackageProductDependency section */
		C3504CF72969262B00201DF7 /* Realm */ = {
			isa = XCSwiftPackageProductDependency;
			package = C3504CF62969262B00201DF7 /* XCRemoteSwiftPackageReference "realm-swift" */;
			productName = Realm;
		};
		C3504CF92969262B00201DF7 /* RealmSwift */ = {
			isa = XCSwiftPackageProductDependency;
			package = C3504CF62969262B00201DF7 /* XCRemoteSwiftPackageReference "realm-swift" */;
			productName = RealmSwift;
		};
/* End XCSwiftPackageProductDependency section */
	};
	rootObject = 603AEC7C2903FDCC008B396D /* Project object */;
}
